
Microsoft Visual Studio Solution File, Format Version 12.00
Project("{FAE04EC0-301F-11D3-BF4B-00C04F79EFBC}") = "ElasticLoggingWeb", "ElasticLoggingWeb\ElasticLoggingWeb.csproj", "{2669F580-6417-45CF-82AD-18869D3AF9F8}"
EndProject
Project("{2150E333-8FDC-42A3-9474-1A3956D46DE8}") = "SolutionItems", "SolutionItems", "{5FF1E362-0081-4716-BBD6-E271ED4A295B}"
	ProjectSection(SolutionItems) = preProject
		docker-compose.yml = docker-compose.yml
	EndProjectSection
EndProject
Global
	GlobalSection(SolutionConfigurationPlatforms) = preSolution
		Debug|Any CPU = Debug|Any CPU
		Release|Any CPU = Release|Any CPU
	EndGlobalSection
	GlobalSection(ProjectConfigurationPlatforms) = postSolution
		{2669F580-6417-45CF-82AD-18869D3AF9F8}.Debug|Any CPU.ActiveCfg = Debug|Any CPU
		{2669F580-6417-45CF-82AD-18869D3AF9F8}.Debug|Any CPU.Build.0 = Debug|Any CPU
		{2669F580-6417-45CF-82AD-18869D3AF9F8}.Release|Any CPU.ActiveCfg = Release|Any CPU
		{2669F580-6417-45CF-82AD-18869D3AF9F8}.Release|Any CPU.Build.0 = Release|Any CPU
	EndGlobalSection
EndGlobal
